
Microsoft Visual Studio Solution File, Format Version 11.00
# Visual Studio 2010
Project("{FAE04EC0-301F-11D3-BF4B-00C04F79EFBC}") = "DataExport", "DataExport\DataExport.csproj", "{CAE34095-7A72-4F10-B68F-7366E2F861EC}"
EndProject
Project("{FAE04EC0-301F-11D3-BF4B-00C04F79EFBC}") = "DataExport.Demo", "DataExport.Demo\DataExport.Demo.csproj", "{59364E35-E1CB-46CF-B9E7-06D4BE99BA82}"
EndProject
Global
	GlobalSection(SolutionConfigurationPlatforms) = preSolution
		Debug|Any CPU = Debug|Any CPU
		Debug|Mixed Platforms = Debug|Mixed Platforms
		Debug|x86 = Debug|x86
		Release|Any CPU = Release|Any CPU
		Release|Mixed Platforms = Release|Mixed Platforms
		Release|x86 = Release|x86
	EndGlobalSection
	GlobalSection(ProjectConfigurationPlatforms) = postSolution
		{CAE34095-7A72-4F10-B68F-7366E2F861EC}.Debug|Any CPU.ActiveCfg = Debug|Any CPU
		{CAE34095-7A72-4F10-B68F-7366E2F861EC}.Debug|Any CPU.Build.0 = Debug|Any CPU
		{CAE34095-7A72-4F10-B68F-7366E2F861EC}.Debug|Mixed Platforms.ActiveCfg = Debug|Any CPU
		{CAE34095-7A72-4F10-B68F-7366E2F861EC}.Debug|Mixed Platforms.Build.0 = Debug|Any CPU
		{CAE34095-7A72-4F10-B68F-7366E2F861EC}.Debug|x86.ActiveCfg = Debug|Any CPU
		{CAE34095-7A72-4F10-B68F-7366E2F861EC}.Release|Any CPU.ActiveCfg = Release|Any CPU
		{CAE34095-7A72-4F10-B68F-7366E2F861EC}.Release|Any CPU.Build.0 = Release|Any CPU
		{CAE34095-7A72-4F10-B68F-7366E2F861EC}.Release|Mixed Platforms.ActiveCfg = Release|Any CPU
		{CAE34095-7A72-4F10-B68F-7366E2F861EC}.Release|Mixed Platforms.Build.0 = Release|Any CPU
		{CAE34095-7A72-4F10-B68F-7366E2F861EC}.Release|x86.ActiveCfg = Release|Any CPU
		{59364E35-E1CB-46CF-B9E7-06D4BE99BA82}.Debug|Any CPU.ActiveCfg = Debug|x86
		{59364E35-E1CB-46CF-B9E7-06D4BE99BA82}.Debug|Mixed Platforms.ActiveCfg = Debug|x86
		{59364E35-E1CB-46CF-B9E7-06D4BE99BA82}.Debug|Mixed Platforms.Build.0 = Debug|x86
		{59364E35-E1CB-46CF-B9E7-06D4BE99BA82}.Debug|x86.ActiveCfg = Debug|x86
		{59364E35-E1CB-46CF-B9E7-06D4BE99BA82}.Debug|x86.Build.0 = Debug|x86
		{59364E35-E1CB-46CF-B9E7-06D4BE99BA82}.Release|Any CPU.ActiveCfg = Release|x86
		{59364E35-E1CB-46CF-B9E7-06D4BE99BA82}.Release|Mixed Platforms.ActiveCfg = Release|x86
		{59364E35-E1CB-46CF-B9E7-06D4BE99BA82}.Release|Mixed Platforms.Build.0 = Release|x86
		{59364E35-E1CB-46CF-B9E7-06D4BE99BA82}.Release|x86.ActiveCfg = Release|x86
		{59364E35-E1CB-46CF-B9E7-06D4BE99BA82}.Release|x86.Build.0 = Release|x86
	EndGlobalSection
	GlobalSection(SolutionProperties) = preSolution
		HideSolutionNode = FALSE
	EndGlobalSection
EndGlobal
